// !$*UTF8*$!
{
	archiveVersion = 1;
	classes = {
	};
	objectVersion = 46;
	objects = {

/* Begin PBXBuildFile section */
		B0AC309D1B1B742B00DBA9FF /* main.m in Sources */ = {isa = PBXBuildFile; fileRef = B0AC309C1B1B742B00DBA9FF /* main.m */; };
		B0AC30A01B1B742B00DBA9FF /* AppDelegate.m in Sources */ = {isa = PBXBuildFile; fileRef = B0AC309F1B1B742B00DBA9FF /* AppDelegate.m */; };
		B0AC30A31B1B742B00DBA9FF /* ViewController.m in Sources */ = {isa = PBXBuildFile; fileRef = B0AC30A21B1B742B00DBA9FF /* ViewController.m */; };
		B0AC30A61B1B742B00DBA9FF /* Main.storyboard in Resources */ = {isa = PBXBuildFile; fileRef = B0AC30A41B1B742B00DBA9FF /* Main.storyboard */; };
		B0AC30A81B1B742B00DBA9FF /* Images.xcassets in Resources */ = {isa = PBXBuildFile; fileRef = B0AC30A71B1B742B00DBA9FF /* Images.xcassets */; };
		B0AC30AB1B1B742B00DBA9FF /* LaunchScreen.xib in Resources */ = {isa = PBXBuildFile; fileRef = B0AC30A91B1B742B00DBA9FF /* LaunchScreen.xib */; };
		B0AC30B71B1B742B00DBA9FF /* L05_AmosTests.m in Sources */ = {isa = PBXBuildFile; fileRef = B0AC30B61B1B742B00DBA9FF /* L05_AmosTests.m */; };
		B0AC30C51B1B744C00DBA9FF /* YKMovieCell.m in Sources */ = {isa = PBXBuildFile; fileRef = B0AC30C11B1B744C00DBA9FF /* YKMovieCell.m */; };
		B0AC30C61B1B744C00DBA9FF /* YKMovieCell.xib in Resources */ = {isa = PBXBuildFile; fileRef = B0AC30C21B1B744C00DBA9FF /* YKMovieCell.xib */; };
		B0AC30C71B1B744C00DBA9FF /* YKMovie.m in Sources */ = {isa = PBXBuildFile; fileRef = B0AC30C41B1B744C00DBA9FF /* YKMovie.m */; };
		B0AC30C91B1B745D00DBA9FF /* rd_rs_8434eb3a154dd28c145289eab077ce34.jpg in Resources */ = {isa = PBXBuildFile; fileRef = B0AC30C81B1B745D00DBA9FF /* rd_rs_8434eb3a154dd28c145289eab077ce34.jpg */; };
		B0AC30CF1B1B767300DBA9FF /* YKDetailViewController.m in Sources */ = {isa = PBXBuildFile; fileRef = B0AC30CD1B1B767300DBA9FF /* YKDetailViewController.m */; };
		B0AC30D01B1B767300DBA9FF /* YKDetailViewController.xib in Resources */ = {isa = PBXBuildFile; fileRef = B0AC30CE1B1B767300DBA9FF /* YKDetailViewController.xib */; };
		B0AC30D91B1C03AA00DBA9FF /* YKMovieCelln.xib in Resources */ = {isa = PBXBuildFile; fileRef = B0AC30D81B1C03AA00DBA9FF /* YKMovieCelln.xib */; };
/* End PBXBuildFile section */

/* Begin PBXContainerItemProxy section */
		B0AC30B11B1B742B00DBA9FF /* PBXContainerItemProxy */ = {
			isa = PBXContainerItemProxy;
			containerPortal = B0AC308F1B1B742B00DBA9FF /* Project object */;
			proxyType = 1;
			remoteGlobalIDString = B0AC30961B1B742B00DBA9FF;
			remoteInfo = L05_Amos;
		};
/* End PBXContainerItemProxy section */

/* Begin PBXFileReference section */
		B0AC30971B1B742B00DBA9FF /* L05_Amos.app */ = {isa = PBXFileReference; explicitFileType = wrapper.application; includeInIndex = 0; path = L05_Amos.app; sourceTree = BUILT_PRODUCTS_DIR; };
		B0AC309B1B1B742B00DBA9FF /* Info.plist */ = {isa = PBXFileReference; lastKnownFileType = text.plist.xml; path = Info.plist; sourceTree = "<group>"; };
		B0AC309C1B1B742B00DBA9FF /* main.m */ = {isa = PBXFileReference; lastKnownFileType = sourcecode.c.objc; path = main.m; sourceTree = "<group>"; };
		B0AC309E1B1B742B00DBA9FF /* AppDelegate.h */ = {isa = PBXFileReference; lastKnownFileType = sourcecode.c.h; path = AppDelegate.h; sourceTree = "<group>"; };
		B0AC309F1B1B742B00DBA9FF /* AppDelegate.m */ = {isa = PBXFileReference; lastKnownFileType = sourcecode.c.objc; path = AppDelegate.m; sourceTree = "<group>"; };
		B0AC30A11B1B742B00DBA9FF /* ViewController.h */ = {isa = PBXFileReference; lastKnownFileType = sourcecode.c.h; path = ViewController.h; sourceTree = "<group>"; };
		B0AC30A21B1B742B00DBA9FF /* ViewController.m */ = {isa = PBXFileReference; lastKnownFileType = sourcecode.c.objc; path = ViewController.m; sourceTree = "<group>"; };
		B0AC30A51B1B742B00DBA9FF /* Base */ = {isa = PBXFileReference; lastKnownFileType = file.storyboard; name = Base; path = Base.lproj/Main.storyboard; sourceTree = "<group>"; };
		B0AC30A71B1B742B00DBA9FF /* Images.xcassets */ = {isa = PBXFileReference; lastKnownFileType = folder.assetcatalog; path = Images.xcassets; sourceTree = "<group>"; };
		B0AC30AA1B1B742B00DBA9FF /* Base */ = {isa = PBXFileReference; lastKnownFileType = file.xib; name = Base; path = Base.lproj/LaunchScreen.xib; sourceTree = "<group>"; };
		B0AC30B01B1B742B00DBA9FF /* L05_AmosTests.xctest */ = {isa = PBXFileReference; explicitFileType = wrapper.cfbundle; includeInIndex = 0; path = L05_AmosTests.xctest; sourceTree = BUILT_PRODUCTS_DIR; };
		B0AC30B51B1B742B00DBA9FF /* Info.plist */ = {isa = PBXFileReference; lastKnownFileType = text.plist.xml; path = Info.plist; sourceTree = "<group>"; };
		B0AC30B61B1B742B00DBA9FF /* L05_AmosTests.m */ = {isa = PBXFileReference; lastKnownFileType = sourcecode.c.objc; path = L05_AmosTests.m; sourceTree = "<group>"; };
		B0AC30C01B1B744C00DBA9FF /* YKMovieCell.h */ = {isa = PBXFileReference; fileEncoding = 4; lastKnownFileType = sourcecode.c.h; path = YKMovieCell.h; sourceTree = "<group>"; };
		B0AC30C11B1B744C00DBA9FF /* YKMovieCell.m */ = {isa = PBXFileReference; fileEncoding = 4; lastKnownFileType = sourcecode.c.objc; path = YKMovieCell.m; sourceTree = "<group>"; };
		B0AC30C21B1B744C00DBA9FF /* YKMovieCell.xib */ = {isa = PBXFileReference; fileEncoding = 4; lastKnownFileType = file.xib; path = YKMovieCell.xib; sourceTree = "<group>"; };
		B0AC30C31B1B744C00DBA9FF /* YKMovie.h */ = {isa = PBXFileReference; fileEncoding = 4; lastKnownFileType = sourcecode.c.h; path = YKMovie.h; sourceTree = "<group>"; };
		B0AC30C41B1B744C00DBA9FF /* YKMovie.m */ = {isa = PBXFileReference; fileEncoding = 4; lastKnownFileType = sourcecode.c.objc; path = YKMovie.m; sourceTree = "<group>"; };
		B0AC30C81B1B745D00DBA9FF /* rd_rs_8434eb3a154dd28c145289eab077ce34.jpg */ = {isa = PBXFileReference; lastKnownFileType = image.jpeg; path = rd_rs_8434eb3a154dd28c145289eab077ce34.jpg; sourceTree = "<group>"; };
		B0AC30CC1B1B767300DBA9FF /* YKDetailViewController.h */ = {isa = PBXFileReference; fileEncoding = 4; lastKnownFileType = sourcecode.c.h; path = YKDetailViewController.h; sourceTree = "<group>"; };
		B0AC30CD1B1B767300DBA9FF /* YKDetailViewController.m */ = {isa = PBXFileReference; fileEncoding = 4; lastKnownFileType = sourcecode.c.objc; path = YKDetailViewController.m; sourceTree = "<group>"; };
		B0AC30CE1B1B767300DBA9FF /* YKDetailViewController.xib */ = {isa = PBXFileReference; fileEncoding = 4; lastKnownFileType = file.xib; path = YKDetailViewController.xib; sourceTree = "<group>"; };
		B0AC30D81B1C03AA00DBA9FF /* YKMovieCelln.xib */ = {isa = PBXFileReference; fileEncoding = 4; lastKnownFileType = file.xib; path = YKMovieCelln.xib; sourceTree = "<group>"; };
/* End PBXFileReference section */

/* Begin PBXFrameworksBuildPhase section */
		B0AC30941B1B742B00DBA9FF /* Frameworks */ = {
			isa = PBXFrameworksBuildPhase;
			buildActionMask = 2147483647;
			files = (
			);
			runOnlyForDeploymentPostprocessing = 0;
		};
		B0AC30AD1B1B742B00DBA9FF /* Frameworks */ = {
			isa = PBXFrameworksBuildPhase;
			buildActionMask = 2147483647;
			files = (
			);
			runOnlyForDeploymentPostprocessing = 0;
		};
/* End PBXFrameworksBuildPhase section */

/* Begin PBXGroup section */
		B0AC308E1B1B742B00DBA9FF = {
			isa = PBXGroup;
			children = (
				B0AC30991B1B742B00DBA9FF /* L05_Amos */,
				B0AC30B31B1B742B00DBA9FF /* L05_AmosTests */,
				B0AC30981B1B742B00DBA9FF /* Products */,
			);
			sourceTree = "<group>";
		};
		B0AC30981B1B742B00DBA9FF /* Products */ = {
			isa = PBXGroup;
			children = (
				B0AC30971B1B742B00DBA9FF /* L05_Amos.app */,
				B0AC30B01B1B742B00DBA9FF /* L05_AmosTests.xctest */,
			);
			name = Products;
			sourceTree = "<group>";
		};
		B0AC30991B1B742B00DBA9FF /* L05_Amos */ = {
			isa = PBXGroup;
			children = (
				B0AC30C31B1B744C00DBA9FF /* YKMovie.h */,
				B0AC30C41B1B744C00DBA9FF /* YKMovie.m */,
				B0AC309E1B1B742B00DBA9FF /* AppDelegate.h */,
				B0AC309F1B1B742B00DBA9FF /* AppDelegate.m */,
				B0AC30A11B1B742B00DBA9FF /* ViewController.h */,
				B0AC30A21B1B742B00DBA9FF /* ViewController.m */,
				B0AC30A41B1B742B00DBA9FF /* Main.storyboard */,
				B0AC30A71B1B742B00DBA9FF /* Images.xcassets */,
				B0AC30C81B1B745D00DBA9FF /* rd_rs_8434eb3a154dd28c145289eab077ce34.jpg */,
				B0AC30A91B1B742B00DBA9FF /* LaunchScreen.xib */,
				B0AC30CB1B1B764800DBA9FF /* Model */,
				B0AC309A1B1B742B00DBA9FF /* Supporting Files */,
			);
			path = L05_Amos;
			sourceTree = "<group>";
		};
		B0AC309A1B1B742B00DBA9FF /* Supporting Files */ = {
			isa = PBXGroup;
			children = (
				B0AC309B1B1B742B00DBA9FF /* Info.plist */,
				B0AC309C1B1B742B00DBA9FF /* main.m */,
			);
			name = "Supporting Files";
			sourceTree = "<group>";
		};
		B0AC30B31B1B742B00DBA9FF /* L05_AmosTests */ = {
			isa = PBXGroup;
			children = (
				B0AC30B61B1B742B00DBA9FF /* L05_AmosTests.m */,
				B0AC30B41B1B742B00DBA9FF /* Supporting Files */,
			);
			path = L05_AmosTests;
			sourceTree = "<group>";
		};
		B0AC30B41B1B742B00DBA9FF /* Supporting Files */ = {
			isa = PBXGroup;
			children = (
				B0AC30B51B1B742B00DBA9FF /* Info.plist */,
			);
			name = "Supporting Files";
			sourceTree = "<group>";
		};
		B0AC30CB1B1B764800DBA9FF /* Model */ = {
			isa = PBXGroup;
			children = (
				B0AC30C01B1B744C00DBA9FF /* YKMovieCell.h */,
				B0AC30C11B1B744C00DBA9FF /* YKMovieCell.m */,
				B0AC30C21B1B744C00DBA9FF /* YKMovieCell.xib */,
				B0AC30D81B1C03AA00DBA9FF /* YKMovieCelln.xib */,
				B0AC30CC1B1B767300DBA9FF /* YKDetailViewController.h */,
				B0AC30CD1B1B767300DBA9FF /* YKDetailViewController.m */,
				B0AC30CE1B1B767300DBA9FF /* YKDetailViewController.xib */,
			);
			name = Model;
			sourceTree = "<group>";
		};
/* End PBXGroup section */

/* Begin PBXNativeTarget section */
		B0AC30961B1B742B00DBA9FF /* L05_Amos */ = {
			isa = PBXNativeTarget;
			buildConfigurationList = B0AC30BA1B1B742B00DBA9FF /* Build configuration list for PBXNativeTarget "L05_Amos" */;
			buildPhases = (
				B0AC30931B1B742B00DBA9FF /* Sources */,
				B0AC30941B1B742B00DBA9FF /* Frameworks */,
				B0AC30951B1B742B00DBA9FF /* Resources */,
			);
			buildRules = (
			);
			dependencies = (
			);
			name = L05_Amos;
			productName = L05_Amos;
			productReference = B0AC30971B1B742B00DBA9FF /* L05_Amos.app */;
			productType = "com.apple.product-type.application";
		};
		B0AC30AF1B1B742B00DBA9FF /* L05_AmosTests */ = {
			isa = PBXNativeTarget;
			buildConfigurationList = B0AC30BD1B1B742B00DBA9FF /* Build configuration list for PBXNativeTarget "L05_AmosTests" */;
			buildPhases = (
				B0AC30AC1B1B742B00DBA9FF /* Sources */,
				B0AC30AD1B1B742B00DBA9FF /* Frameworks */,
				B0AC30AE1B1B742B00DBA9FF /* Resources */,
			);
			buildRules = (
			);
			dependencies = (
				B0AC30B21B1B742B00DBA9FF /* PBXTargetDependency */,
			);
			name = L05_AmosTests;
			productName = L05_AmosTests;
			productReference = B0AC30B01B1B742B00DBA9FF /* L05_AmosTests.xctest */;
			productType = "com.apple.product-type.bundle.unit-test";
		};
/* End PBXNativeTarget section */

/* Begin PBXProject section */
		B0AC308F1B1B742B00DBA9FF /* Project object */ = {
			isa = PBXProject;
			attributes = {
				LastUpgradeCheck = 0630;
				ORGANIZATIONNAME = "Amos Wu";
				TargetAttributes = {
					B0AC30961B1B742B00DBA9FF = {
						CreatedOnToolsVersion = 6.3.2;
					};
					B0AC30AF1B1B742B00DBA9FF = {
						CreatedOnToolsVersion = 6.3.2;
						TestTargetID = B0AC30961B1B742B00DBA9FF;
					};
				};
			};
			buildConfigurationList = B0AC30921B1B742B00DBA9FF /* Build configuration list for PBXProject "L05_Amos" */;
			compatibilityVersion = "Xcode 3.2";
			developmentRegion = English;
			hasScannedForEncodings = 0;
			knownRegions = (
				en,
				Base,
			);
			mainGroup = B0AC308E1B1B742B00DBA9FF;
			productRefGroup = B0AC30981B1B742B00DBA9FF /* Products */;
			projectDirPath = "";
			projectRoot = "";
			targets = (
				B0AC30961B1B742B00DBA9FF /* L05_Amos */,
				B0AC30AF1B1B742B00DBA9FF /* L05_AmosTests */,
			);
		};
/* End PBXProject section */

/* Begin PBXResourcesBuildPhase section */
		B0AC30951B1B742B00DBA9FF /* Resources */ = {
			isa = PBXResourcesBuildPhase;
			buildActionMask = 2147483647;
			files = (
				B0AC30D91B1C03AA00DBA9FF /* YKMovieCelln.xib in Resources */,
				B0AC30C61B1B744C00DBA9FF /* YKMovieCell.xib in Resources */,
				B0AC30D01B1B767300DBA9FF /* YKDetailViewController.xib in Resources */,
				B0AC30A61B1B742B00DBA9FF /* Main.storyboard in Resources */,
				B0AC30AB1B1B742B00DBA9FF /* LaunchScreen.xib in Resources */,
				B0AC30C91B1B745D00DBA9FF /* rd_rs_8434eb3a154dd28c145289eab077ce34.jpg in Resources */,
				B0AC30A81B1B742B00DBA9FF /* Images.xcassets in Resources */,
			);
			runOnlyForDeploymentPostprocessing = 0;
		};
		B0AC30AE1B1B742B00DBA9FF /* Resources */ = {
			isa = PBXResourcesBuildPhase;
			buildActionMask = 2147483647;
			files = (
			);
			runOnlyForDeploymentPostprocessing = 0;
		};
/* End PBXResourcesBuildPhase section */

/* Begin PBXSourcesBuildPhase section */
		B0AC30931B1B742B00DBA9FF /* Sources */ = {
			isa = PBXSourcesBuildPhase;
			buildActionMask = 2147483647;
			files = (
				B0AC30C71B1B744C00DBA9FF /* YKMovie.m in Sources */,
				B0AC30C51B1B744C00DBA9FF /* YKMovieCell.m in Sources */,
				B0AC30A31B1B742B00DBA9FF /* ViewController.m in Sources */,
				B0AC30A01B1B742B00DBA9FF /* AppDelegate.m in Sources */,
				B0AC309D1B1B742B00DBA9FF /* main.m in Sources */,
				B0AC30CF1B1B767300DBA9FF /* YKDetailViewController.m in Sources */,
			);
			runOnlyForDeploymentPostprocessing = 0;
		};
		B0AC30AC1B1B742B00DBA9FF /* Sources */ = {
			isa = PBXSourcesBuildPhase;
			buildActionMask = 2147483647;
			files = (
				B0AC30B71B1B742B00DBA9FF /* L05_AmosTests.m in Sources */,
			);
			runOnlyForDeploymentPostprocessing = 0;
		};
/* End PBXSourcesBuildPhase section */

/* Begin PBXTargetDependency section */
		B0AC30B21B1B742B00DBA9FF /* PBXTargetDependency */ = {
			isa = PBXTargetDependency;
			target = B0AC30961B1B742B00DBA9FF /* L05_Amos */;
			targetProxy = B0AC30B11B1B742B00DBA9FF /* PBXContainerItemProxy */;
		};
/* End PBXTargetDependency section */

/* Begin PBXVariantGroup section */
		B0AC30A41B1B742B00DBA9FF /* Main.storyboard */ = {
			isa = PBXVariantGroup;
			children = (
				B0AC30A51B1B742B00DBA9FF /* Base */,
			);
			name = Main.storyboard;
			sourceTree = "<group>";
		};
		B0AC30A91B1B742B00DBA9FF /* LaunchScreen.xib */ = {
			isa = PBXVariantGroup;
			children = (
				B0AC30AA1B1B742B00DBA9FF /* Base */,
			);
			name = LaunchScreen.xib;
			sourceTree = "<group>";
		};
/* End PBXVariantGroup section */

/* Begin XCBuildConfiguration section */
		B0AC30B81B1B742B00DBA9FF /* Debug */ = {
			isa = XCBuildConfiguration;
			buildSettings = {
				ALWAYS_SEARCH_USER_PATHS = NO;
				CLANG_CXX_LANGUAGE_STANDARD = "gnu++0x";
				CLANG_CXX_LIBRARY = "libc++";
				CLANG_ENABLE_MODULES = YES;
				CLANG_ENABLE_OBJC_ARC = YES;
				CLANG_WARN_BOOL_CONVERSION = YES;
				CLANG_WARN_CONSTANT_CONVERSION = YES;
				CLANG_WARN_DIRECT_OBJC_ISA_USAGE = YES_ERROR;
				CLANG_WARN_EMPTY_BODY = YES;
				CLANG_WARN_ENUM_CONVERSION = YES;
				CLANG_WARN_INT_CONVERSION = YES;
				CLANG_WARN_OBJC_ROOT_CLASS = YES_ERROR;
				CLANG_WARN_UNREACHABLE_CODE = YES;
				CLANG_WARN__DUPLICATE_METHOD_MATCH = YES;
				"CODE_SIGN_IDENTITY[sdk=iphoneos*]" = "iPhone Developer";
				COPY_PHASE_STRIP = NO;
				DEBUG_INFORMATION_FORMAT = "dwarf-with-dsym";
				ENABLE_STRICT_OBJC_MSGSEND = YES;
				GCC_C_LANGUAGE_STANDARD = gnu99;
				GCC_DYNAMIC_NO_PIC = NO;
				GCC_NO_COMMON_BLOCKS = YES;
				GCC_OPTIMIZATION_LEVEL = 0;
				GCC_PREPROCESSOR_DEFINITIONS = (
					"DEBUG=1",
					"$(inherited)",
				);
				GCC_SYMBOLS_PRIVATE_EXTERN = NO;
				GCC_WARN_64_TO_32_BIT_CONVERSION = YES;
				GCC_WARN_ABOUT_RETURN_TYPE = YES_ERROR;
				GCC_WARN_UNDECLARED_SELECTOR = YES;
				GCC_WARN_UNINITIALIZED_AUTOS = YES_AGGRESSIVE;
				GCC_WARN_UNUSED_FUNCTION = YES;
				GCC_WARN_UNUSED_VARIABLE = YES;
				IPHONEOS_DEPLOYMENT_TARGET = 8.3;
				MTL_ENABLE_DEBUG_INFO = YES;
				ONLY_ACTIVE_ARCH = YES;
				SDKROOT = iphoneos;
			};
			name = Debug;
		};
		B0AC30B91B1B742B00DBA9FF /* Release */ = {
			isa = XCBuildConfiguration;
			buildSettings = {
				ALWAYS_SEARCH_USER_PATHS = NO;
				CLANG_CXX_LANGUAGE_STANDARD = "gnu++0x";
				CLANG_CXX_LIBRARY = "libc++";
				CLANG_ENABLE_MODULES = YES;
				CLANG_ENABLE_OBJC_ARC = YES;
				CLANG_WARN_BOOL_CONVERSION = YES;
				CLANG_WARN_CONSTANT_CONVERSION = YES;
				CLANG_WARN_DIRECT_OBJC_ISA_USAGE = YES_ERROR;
				CLANG_WARN_EMPTY_BODY = YES;
				CLANG_WARN_ENUM_CONVERSION = YES;
				CLANG_WARN_INT_CONVERSION = YES;
				CLANG_WARN_OBJC_ROOT_CLASS = YES_ERROR;
				CLANG_WARN_UNREACHABLE_CODE = YES;
				CLANG_WARN__DUPLICATE_METHOD_MATCH = YES;
				"CODE_SIGN_IDENTITY[sdk=iphoneos*]" = "iPhone Developer";
				COPY_PHASE_STRIP = NO;
				DEBUG_INFORMATION_FORMAT = "dwarf-with-dsym";
				ENABLE_NS_ASSERTIONS = NO;
				ENABLE_STRICT_OBJC_MSGSEND = YES;
				GCC_C_LANGUAGE_STANDARD = gnu99;
				GCC_NO_COMMON_BLOCKS = YES;
				GCC_WARN_64_TO_32_BIT_CONVERSION = YES;
				GCC_WARN_ABOUT_RETURN_TYPE = YES_ERROR;
				GCC_WARN_UNDECLARED_SELECTOR = YES;
				GCC_WARN_UNINITIALIZED_AUTOS = YES_AGGRESSIVE;
				GCC_WARN_UNUSED_FUNCTION = YES;
				GCC_WARN_UNUSED_VARIABLE = YES;
				IPHONEOS_DEPLOYMENT_TARGET = 8.3;
				MTL_ENABLE_DEBUG_INFO = NO;
				SDKROOT = iphoneos;
				VALIDATE_PRODUCT = YES;
			};
			name = Release;
		};
		B0AC30BB1B1B742B00DBA9FF /* Debug */ = {
			isa = XCBuildConfiguration;
			buildSettings = {
				ASSETCATALOG_COMPILER_APPICON_NAME = AppIcon;
				INFOPLIST_FILE = L05_Amos/Info.plist;
				LD_RUNPATH_SEARCH_PATHS = "$(inherited) @executable_path/Frameworks";
				PRODUCT_NAME = "$(TARGET_NAME)";
			};
			name = Debug;
		};
		B0AC30BC1B1B742B00DBA9FF /* Release */ = {
			isa = XCBuildConfiguration;
			buildSettings = {
				ASSETCATALOG_COMPILER_APPICON_NAME = AppIcon;
				INFOPLIST_FILE = L05_Amos/Info.plist;
				LD_RUNPATH_SEARCH_PATHS = "$(inherited) @executable_path/Frameworks";
				PRODUCT_NAME = "$(TARGET_NAME)";
			};
			name = Release;
		};
		B0AC30BE1B1B742B00DBA9FF /* Debug */ = {
			isa = XCBuildConfiguration;
			buildSettings = {
				BUNDLE_LOADER = "$(TEST_HOST)";
				FRAMEWORK_SEARCH_PATHS = (
					"$(SDKROOT)/Developer/Library/Frameworks",
					"$(inherited)",
				);
				GCC_PREPROCESSOR_DEFINITIONS = (
					"DEBUG=1",
					"$(inherited)",
				);
				INFOPLIST_FILE = L05_AmosTests/Info.plist;
				LD_RUNPATH_SEARCH_PATHS = "$(inherited) @executable_path/Frameworks @loader_path/Frameworks";
				PRODUCT_NAME = "$(TARGET_NAME)";
				TEST_HOST = "$(BUILT_PRODUCTS_DIR)/L05_Amos.app/L05_Amos";
			};
			name = Debug;
		};
		B0AC30BF1B1B742B00DBA9FF /* Release */ = {
			isa = XCBuildConfiguration;
			buildSettings = {
				BUNDLE_LOADER = "$(TEST_HOST)";
				FRAMEWORK_SEARCH_PATHS = (
					"$(SDKROOT)/Developer/Library/Frameworks",
					"$(inherited)",
				);
				INFOPLIST_FILE = L05_AmosTests/Info.plist;
				LD_RUNPATH_SEARCH_PATHS = "$(inherited) @executable_path/Frameworks @loader_path/Frameworks";
				PRODUCT_NAME = "$(TARGET_NAME)";
				TEST_HOST = "$(BUILT_PRODUCTS_DIR)/L05_Amos.app/L05_Amos";
			};
			name = Release;
		};
/* End XCBuildConfiguration section */

/* Begin XCConfigurationList section */
		B0AC30921B1B742B00DBA9FF /* Build configuration list for PBXProject "L05_Amos" */ = {
			isa = XCConfigurationList;
			buildConfigurations = (
				B0AC30B81B1B742B00DBA9FF /* Debug */,
				B0AC30B91B1B742B00DBA9FF /* Release */,
			);
			defaultConfigurationIsVisible = 0;
			defaultConfigurationName = Release;
		};
		B0AC30BA1B1B742B00DBA9FF /* Build configuration list for PBXNativeTarget "L05_Amos" */ = {
			isa = XCConfigurationList;
			buildConfigurations = (
				B0AC30BB1B1B742B00DBA9FF /* Debug */,
				B0AC30BC1B1B742B00DBA9FF /* Release */,
			);
			defaultConfigurationIsVisible = 0;
			defaultConfigurationName = Release;
		};
		B0AC30BD1B1B742B00DBA9FF /* Build configuration list for PBXNativeTarget "L05_AmosTests" */ = {
			isa = XCConfigurationList;
			buildConfigurations = (
				B0AC30BE1B1B742B00DBA9FF /* Debug */,
				B0AC30BF1B1B742B00DBA9FF /* Release */,
			);
			defaultConfigurationIsVisible = 0;
			defaultConfigurationName = Release;
		};
/* End XCConfigurationList section */
	};
	rootObject = B0AC308F1B1B742B00DBA9FF /* Project object */;
}
